{
  "name": "dsh-mini-utility-dock",
  "version": "0.5.1",
  "lockfileVersion": 3,
  "requires": true,
  "packages": {
    "": {
      "name": "dsh-mini-utility-dock",
      "version": "0.5.1",
      "license": "MIT",
      "bin": {
        "dsh-mini-utility-dock": "bin/dsh-mini-utility-dock.js",
        "dsh-plugin-docs": "bin/dsh-plugin-docs.js",
        "dsh-plugin-parity": "bin/dsh-plugin-parity.js"
      },
      "engines": {
        "node": ">=20"
      }
    }
  }
}
